{
  "name": "fix-pandoc-latex",
  "version": "1.0.0",
  "lockfileVersion": 1,
  "requires": true,
  "dependencies": {
    "@types/node": {
      "version": "16.11.2",
      "resolved": "https://registry.npmmirror.com/@types/node/download/@types/node-16.11.2.tgz?cache=0&sync_timestamp=1634814276329&other_urls=https%3A%2F%2Fregistry.npmmirror.com%2F%40types%2Fnode%2Fdownload%2F%40types%2Fnode-16.11.2.tgz",
      "integrity": "sha1-McJJwTbD+bNdS2D7jlDgGh8MyaU=",
      "dev": true
    },
    "typescript": {
      "version": "4.4.4",
      "resolved": "https://registry.npmmirror.com/typescript/download/typescript-4.4.4.tgz",
      "integrity": "sha1-LNAaGh8WBwTTEB/VpY/w+fy4Aww="
    }
  }
}
